
Microsoft Visual Studio Solution File, Format Version 12.00
# Visual Studio Version 16
VisualStudioVersion = 16.0.30330.147
MinimumVisualStudioVersion = 10.0.40219.1
Project("{9A19103F-16F7-4668-BE54-9A1E7A4F7556}") = "SimpleClock", "SimpleClock.csproj", "{F7453816-3E42-4203-B7B5-EA26147CC5F5}"
EndProject
Global
	GlobalSection(SolutionConfigurationPlatforms) = preSolution
		Debug|Any CPU = Debug|Any CPU
		Release|Any CPU = Release|Any CPU
	EndGlobalSection
	GlobalSection(ProjectConfigurationPlatforms) = postSolution
		{F7453816-3E42-4203-B7B5-EA26147CC5F5}.Debug|Any CPU.ActiveCfg = Debug|Any CPU
		{F7453816-3E42-4203-B7B5-EA26147CC5F5}.Debug|Any CPU.Build.0 = Debug|Any CPU
		{F7453816-3E42-4203-B7B5-EA26147CC5F5}.Release|Any CPU.ActiveCfg = Release|Any CPU
		{F7453816-3E42-4203-B7B5-EA26147CC5F5}.Release|Any CPU.Build.0 = Release|Any CPU
	EndGlobalSection
	GlobalSection(SolutionProperties) = preSolution
		HideSolutionNode = FALSE
	EndGlobalSection
	GlobalSection(ExtensibilityGlobals) = postSolution
		SolutionGuid = {A0DDBA98-1496-4EC0-BB2A-1C784BD6DA21}
	EndGlobalSection
EndGlobal
